
Microsoft Visual Studio Solution File, Format Version 12.00
# Visual Studio Version 16
VisualStudioVersion = 16.0.29306.81
MinimumVisualStudioVersion = 10.0.40219.1
Project("{FAE04EC0-301F-11D3-BF4B-00C04F79EFBC}") = "Backend", "Backend\Backend.csproj", "{3A2207AE-0DEC-4FF7-96E5-806A85344A9A}"
EndProject
Global
	GlobalSection(SolutionConfigurationPlatforms) = preSolution
		Debug|Any CPU = Debug|Any CPU
		Release|Any CPU = Release|Any CPU
	EndGlobalSection
	GlobalSection(ProjectConfigurationPlatforms) = postSolution
		{3A2207AE-0DEC-4FF7-96E5-806A85344A9A}.Debug|Any CPU.ActiveCfg = Debug|Any CPU
		{3A2207AE-0DEC-4FF7-96E5-806A85344A9A}.Debug|Any CPU.Build.0 = Debug|Any CPU
		{3A2207AE-0DEC-4FF7-96E5-806A85344A9A}.Release|Any CPU.ActiveCfg = Release|Any CPU
		{3A2207AE-0DEC-4FF7-96E5-806A85344A9A}.Release|Any CPU.Build.0 = Release|Any CPU
	EndGlobalSection
	GlobalSection(SolutionProperties) = preSolution
		HideSolutionNode = FALSE
	EndGlobalSection
	GlobalSection(ExtensibilityGlobals) = postSolution
		SolutionGuid = {9719F762-8482-48C5-83FF-2FAF75133A97}
	EndGlobalSection
EndGlobal
